
Microsoft Visual Studio Solution File, Format Version 12.00
# Visual Studio Version 17
VisualStudioVersion = 17.3.32825.248
MinimumVisualStudioVersion = 10.0.40219.1
Project("{FAE04EC0-301F-11D3-BF4B-00C04F79EFBC}") = "WordsCounter", "WordsCounter.csproj", "{81573489-3EEA-4690-9ADB-4D20939799C1}"
EndProject
Project("{2150E333-8FDC-42A3-9474-1A3956D46DE8}") = "Solution Items", "Solution Items", "{8F711EA7-C8C0-495F-98F8-21D6FAEC1E1A}"
	ProjectSection(SolutionItems) = preProject
		Text1.txt = Text1.txt
	EndProjectSection
EndProject
Global
	GlobalSection(SolutionConfigurationPlatforms) = preSolution
		Debug|Any CPU = Debug|Any CPU
		Release|Any CPU = Release|Any CPU
	EndGlobalSection
	GlobalSection(ProjectConfigurationPlatforms) = postSolution
		{81573489-3EEA-4690-9ADB-4D20939799C1}.Debug|Any CPU.ActiveCfg = Debug|Any CPU
		{81573489-3EEA-4690-9ADB-4D20939799C1}.Debug|Any CPU.Build.0 = Debug|Any CPU
		{81573489-3EEA-4690-9ADB-4D20939799C1}.Release|Any CPU.ActiveCfg = Release|Any CPU
		{81573489-3EEA-4690-9ADB-4D20939799C1}.Release|Any CPU.Build.0 = Release|Any CPU
	EndGlobalSection
	GlobalSection(SolutionProperties) = preSolution
		HideSolutionNode = FALSE
	EndGlobalSection
	GlobalSection(ExtensibilityGlobals) = postSolution
		SolutionGuid = {5A890871-C084-4BD7-BE3D-0151C71ADC96}
	EndGlobalSection
EndGlobal
